
Microsoft Visual Studio Solution File, Format Version 12.00
# Visual Studio Version 17
VisualStudioVersion = 17.0.31825.309
MinimumVisualStudioVersion = 10.0.40219.1
Project("{FAE04EC0-301F-11D3-BF4B-00C04F79EFBC}") = "Demo.Android", "Demo\Demo.Android\Demo.Android.csproj", "{FBDEB3B7-7BC6-46E0-88EF-328341520F1C}"
EndProject
Project("{FAE04EC0-301F-11D3-BF4B-00C04F79EFBC}") = "Demo.iOS", "Demo\Demo.iOS\Demo.iOS.csproj", "{FB1B6213-03BE-491A-A400-F2F9A6182E2E}"
EndProject
Project("{FAE04EC0-301F-11D3-BF4B-00C04F79EFBC}") = "Demo", "Demo\Demo\Demo.csproj", "{A28ECEEC-D957-4CC6-8378-9EDABC16F38B}"
EndProject
Global
	GlobalSection(SolutionConfigurationPlatforms) = preSolution
		Debug|Any CPU = Debug|Any CPU
		Debug|iPhone = Debug|iPhone
		Debug|iPhoneSimulator = Debug|iPhoneSimulator
		Release|Any CPU = Release|Any CPU
		Release|iPhone = Release|iPhone
		Release|iPhoneSimulator = Release|iPhoneSimulator
	EndGlobalSection
	GlobalSection(ProjectConfigurationPlatforms) = postSolution
		{FBDEB3B7-7BC6-46E0-88EF-328341520F1C}.Debug|Any CPU.ActiveCfg = Debug|Any CPU
		{FBDEB3B7-7BC6-46E0-88EF-328341520F1C}.Debug|Any CPU.Build.0 = Debug|Any CPU
		{FBDEB3B7-7BC6-46E0-88EF-328341520F1C}.Debug|Any CPU.Deploy.0 = Debug|Any CPU
		{FBDEB3B7-7BC6-46E0-88EF-328341520F1C}.Debug|iPhone.ActiveCfg = Debug|Any CPU
		{FBDEB3B7-7BC6-46E0-88EF-328341520F1C}.Debug|iPhone.Build.0 = Debug|Any CPU
		{FBDEB3B7-7BC6-46E0-88EF-328341520F1C}.Debug|iPhone.Deploy.0 = Debug|Any CPU
		{FBDEB3B7-7BC6-46E0-88EF-328341520F1C}.Debug|iPhoneSimulator.ActiveCfg = Debug|Any CPU
		{FBDEB3B7-7BC6-46E0-88EF-328341520F1C}.Debug|iPhoneSimulator.Build.0 = Debug|Any CPU
		{FBDEB3B7-7BC6-46E0-88EF-328341520F1C}.Debug|iPhoneSimulator.Deploy.0 = Debug|Any CPU
		{FBDEB3B7-7BC6-46E0-88EF-328341520F1C}.Release|Any CPU.ActiveCfg = Release|Any CPU
		{FBDEB3B7-7BC6-46E0-88EF-328341520F1C}.Release|Any CPU.Build.0 = Release|Any CPU
		{FBDEB3B7-7BC6-46E0-88EF-328341520F1C}.Release|Any CPU.Deploy.0 = Release|Any CPU
		{FBDEB3B7-7BC6-46E0-88EF-328341520F1C}.Release|iPhone.ActiveCfg = Release|Any CPU
		{FBDEB3B7-7BC6-46E0-88EF-328341520F1C}.Release|iPhone.Build.0 = Release|Any CPU
		{FBDEB3B7-7BC6-46E0-88EF-328341520F1C}.Release|iPhone.Deploy.0 = Release|Any CPU
		{FBDEB3B7-7BC6-46E0-88EF-328341520F1C}.Release|iPhoneSimulator.ActiveCfg = Release|Any CPU
		{FBDEB3B7-7BC6-46E0-88EF-328341520F1C}.Release|iPhoneSimulator.Build.0 = Release|Any CPU
		{FBDEB3B7-7BC6-46E0-88EF-328341520F1C}.Release|iPhoneSimulator.Deploy.0 = Release|Any CPU
		{FB1B6213-03BE-491A-A400-F2F9A6182E2E}.Debug|Any CPU.ActiveCfg = Debug|iPhone
		{FB1B6213-03BE-491A-A400-F2F9A6182E2E}.Debug|Any CPU.Build.0 = Debug|iPhone
		{FB1B6213-03BE-491A-A400-F2F9A6182E2E}.Debug|Any CPU.Deploy.0 = Debug|iPhone
		{FB1B6213-03BE-491A-A400-F2F9A6182E2E}.Debug|iPhone.ActiveCfg = Debug|iPhone
		{FB1B6213-03BE-491A-A400-F2F9A6182E2E}.Debug|iPhone.Build.0 = Debug|iPhone
		{FB1B6213-03BE-491A-A400-F2F9A6182E2E}.Debug|iPhone.Deploy.0 = Debug|iPhone
		{FB1B6213-03BE-491A-A400-F2F9A6182E2E}.Debug|iPhoneSimulator.ActiveCfg = Debug|iPhoneSimulator
		{FB1B6213-03BE-491A-A400-F2F9A6182E2E}.Debug|iPhoneSimulator.Build.0 = Debug|iPhoneSimulator
		{FB1B6213-03BE-491A-A400-F2F9A6182E2E}.Debug|iPhoneSimulator.Deploy.0 = Debug|iPhoneSimulator
		{FB1B6213-03BE-491A-A400-F2F9A6182E2E}.Release|Any CPU.ActiveCfg = Release|iPhoneSimulator
		{FB1B6213-03BE-491A-A400-F2F9A6182E2E}.Release|Any CPU.Build.0 = Release|iPhoneSimulator
		{FB1B6213-03BE-491A-A400-F2F9A6182E2E}.Release|Any CPU.Deploy.0 = Release|iPhoneSimulator
		{FB1B6213-03BE-491A-A400-F2F9A6182E2E}.Release|iPhone.ActiveCfg = Release|iPhone
		{FB1B6213-03BE-491A-A400-F2F9A6182E2E}.Release|iPhone.Build.0 = Release|iPhone
		{FB1B6213-03BE-491A-A400-F2F9A6182E2E}.Release|iPhone.Deploy.0 = Release|iPhone
		{FB1B6213-03BE-491A-A400-F2F9A6182E2E}.Release|iPhoneSimulator.ActiveCfg = Release|iPhoneSimulator
		{FB1B6213-03BE-491A-A400-F2F9A6182E2E}.Release|iPhoneSimulator.Build.0 = Release|iPhoneSimulator
		{FB1B6213-03BE-491A-A400-F2F9A6182E2E}.Release|iPhoneSimulator.Deploy.0 = Release|iPhoneSimulator
		{A28ECEEC-D957-4CC6-8378-9EDABC16F38B}.Debug|Any CPU.ActiveCfg = Debug|Any CPU
		{A28ECEEC-D957-4CC6-8378-9EDABC16F38B}.Debug|Any CPU.Build.0 = Debug|Any CPU
		{A28ECEEC-D957-4CC6-8378-9EDABC16F38B}.Debug|Any CPU.Deploy.0 = Debug|Any CPU
		{A28ECEEC-D957-4CC6-8378-9EDABC16F38B}.Debug|iPhone.ActiveCfg = Debug|Any CPU
		{A28ECEEC-D957-4CC6-8378-9EDABC16F38B}.Debug|iPhone.Build.0 = Debug|Any CPU
		{A28ECEEC-D957-4CC6-8378-9EDABC16F38B}.Debug|iPhone.Deploy.0 = Debug|Any CPU
		{A28ECEEC-D957-4CC6-8378-9EDABC16F38B}.Debug|iPhoneSimulator.ActiveCfg = Debug|Any CPU
		{A28ECEEC-D957-4CC6-8378-9EDABC16F38B}.Debug|iPhoneSimulator.Build.0 = Debug|Any CPU
		{A28ECEEC-D957-4CC6-8378-9EDABC16F38B}.Debug|iPhoneSimulator.Deploy.0 = Debug|Any CPU
		{A28ECEEC-D957-4CC6-8378-9EDABC16F38B}.Release|Any CPU.ActiveCfg = Release|Any CPU
		{A28ECEEC-D957-4CC6-8378-9EDABC16F38B}.Release|Any CPU.Build.0 = Release|Any CPU
		{A28ECEEC-D957-4CC6-8378-9EDABC16F38B}.Release|Any CPU.Deploy.0 = Release|Any CPU
		{A28ECEEC-D957-4CC6-8378-9EDABC16F38B}.Release|iPhone.ActiveCfg = Release|Any CPU
		{A28ECEEC-D957-4CC6-8378-9EDABC16F38B}.Release|iPhone.Build.0 = Release|Any CPU
		{A28ECEEC-D957-4CC6-8378-9EDABC16F38B}.Release|iPhone.Deploy.0 = Release|Any CPU
		{A28ECEEC-D957-4CC6-8378-9EDABC16F38B}.Release|iPhoneSimulator.ActiveCfg = Release|Any CPU
		{A28ECEEC-D957-4CC6-8378-9EDABC16F38B}.Release|iPhoneSimulator.Build.0 = Release|Any CPU
		{A28ECEEC-D957-4CC6-8378-9EDABC16F38B}.Release|iPhoneSimulator.Deploy.0 = Release|Any CPU
	EndGlobalSection
	GlobalSection(SolutionProperties) = preSolution
		HideSolutionNode = FALSE
	EndGlobalSection
	GlobalSection(ExtensibilityGlobals) = postSolution
		SolutionGuid = {4C639BAC-3EAE-478A-85BF-32709C1985A7}
	EndGlobalSection
EndGlobal
